
Microsoft Visual Studio Solution File, Format Version 12.00
# Visual Studio Version 17
VisualStudioVersion = 17.11.35327.3
MinimumVisualStudioVersion = 10.0.40219.1
Project("{FAE04EC0-301F-11D3-BF4B-00C04F79EFBC}") = "maintenance_calibration_system.ConsoleApp", "maintenance_calibration_system.ConsoleApp\maintenance_calibration_system.ConsoleApp.csproj", "{616227B0-05EE-4323-8554-DC3D36C08E3B}"
EndProject
Project("{FAE04EC0-301F-11D3-BF4B-00C04F79EFBC}") = "maintenance_calibration_system.Domain", "maintenance_calibration_system.Domain\maintenance_calibration_system.Domain.csproj", "{70AB3794-C4F2-4E6A-849C-C5271AD2670A}"
EndProject
Global
	GlobalSection(SolutionConfigurationPlatforms) = preSolution
		Debug|Any CPU = Debug|Any CPU
		Release|Any CPU = Release|Any CPU
	EndGlobalSection
	GlobalSection(ProjectConfigurationPlatforms) = postSolution
		{616227B0-05EE-4323-8554-DC3D36C08E3B}.Debug|Any CPU.ActiveCfg = Debug|Any CPU
		{616227B0-05EE-4323-8554-DC3D36C08E3B}.Debug|Any CPU.Build.0 = Debug|Any CPU
		{616227B0-05EE-4323-8554-DC3D36C08E3B}.Release|Any CPU.ActiveCfg = Release|Any CPU
		{616227B0-05EE-4323-8554-DC3D36C08E3B}.Release|Any CPU.Build.0 = Release|Any CPU
		{70AB3794-C4F2-4E6A-849C-C5271AD2670A}.Debug|Any CPU.ActiveCfg = Debug|Any CPU
		{70AB3794-C4F2-4E6A-849C-C5271AD2670A}.Debug|Any CPU.Build.0 = Debug|Any CPU
		{70AB3794-C4F2-4E6A-849C-C5271AD2670A}.Release|Any CPU.ActiveCfg = Release|Any CPU
		{70AB3794-C4F2-4E6A-849C-C5271AD2670A}.Release|Any CPU.Build.0 = Release|Any CPU
	EndGlobalSection
	GlobalSection(SolutionProperties) = preSolution
		HideSolutionNode = FALSE
	EndGlobalSection
	GlobalSection(ExtensibilityGlobals) = postSolution
		SolutionGuid = {4AF68521-C3A8-4323-889E-EA595E7E84B9}
	EndGlobalSection
EndGlobal
